
Microsoft Visual Studio Solution File, Format Version 12.00
# Visual Studio Version 16
VisualStudioVersion = 16.0.28803.202
MinimumVisualStudioVersion = 10.0.40219.1
Project("{FAE04EC0-301F-11D3-BF4B-00C04F79EFBC}") = "101", "101\101.csproj", "{D23ACE9E-C58E-43C3-8AB8-DAE88E0E4FA5}"
EndProject
Global
	GlobalSection(SolutionConfigurationPlatforms) = preSolution
		Debug|Any CPU = Debug|Any CPU
		Release|Any CPU = Release|Any CPU
	EndGlobalSection
	GlobalSection(ProjectConfigurationPlatforms) = postSolution
		{D23ACE9E-C58E-43C3-8AB8-DAE88E0E4FA5}.Debug|Any CPU.ActiveCfg = Debug|Any CPU
		{D23ACE9E-C58E-43C3-8AB8-DAE88E0E4FA5}.Debug|Any CPU.Build.0 = Debug|Any CPU
		{D23ACE9E-C58E-43C3-8AB8-DAE88E0E4FA5}.Release|Any CPU.ActiveCfg = Release|Any CPU
		{D23ACE9E-C58E-43C3-8AB8-DAE88E0E4FA5}.Release|Any CPU.Build.0 = Release|Any CPU
	EndGlobalSection
	GlobalSection(SolutionProperties) = preSolution
		HideSolutionNode = FALSE
	EndGlobalSection
	GlobalSection(ExtensibilityGlobals) = postSolution
		SolutionGuid = {7793A5F0-D49A-4742-B590-3BAF04678E8E}
	EndGlobalSection
EndGlobal
